
Microsoft Visual Studio Solution File, Format Version 12.00
# Visual Studio Version 17
VisualStudioVersion = 17.11.35303.130
MinimumVisualStudioVersion = 10.0.40219.1
Project("{FAE04EC0-301F-11D3-BF4B-00C04F79EFBC}") = "git-taak-1-groep-abc-WannesPipien", "git-taak-1-groep-abc-WannesPipien\git-taak-1-groep-abc-WannesPipien.csproj", "{42C24F3F-F5F5-4308-8719-101C40440231}"
EndProject
Global
	GlobalSection(SolutionConfigurationPlatforms) = preSolution
		Debug|Any CPU = Debug|Any CPU
		Release|Any CPU = Release|Any CPU
	EndGlobalSection
	GlobalSection(ProjectConfigurationPlatforms) = postSolution
		{42C24F3F-F5F5-4308-8719-101C40440231}.Debug|Any CPU.ActiveCfg = Debug|Any CPU
		{42C24F3F-F5F5-4308-8719-101C40440231}.Debug|Any CPU.Build.0 = Debug|Any CPU
		{42C24F3F-F5F5-4308-8719-101C40440231}.Release|Any CPU.ActiveCfg = Release|Any CPU
		{42C24F3F-F5F5-4308-8719-101C40440231}.Release|Any CPU.Build.0 = Release|Any CPU
	EndGlobalSection
	GlobalSection(SolutionProperties) = preSolution
		HideSolutionNode = FALSE
	EndGlobalSection
	GlobalSection(ExtensibilityGlobals) = postSolution
		SolutionGuid = {0EB25E21-2C5E-4DF0-B94D-C27BC34EB6E3}
	EndGlobalSection
EndGlobal
